{
  "name": "reverse engineering",
  "lockfileVersion": 3,
  "requires": true,
  "packages": {
    "": {
      "dependencies": {
        "@types/node-forge": "^1.3.4",
        "node-forge": "^1.3.1"
      }
    },
    "node_modules/@types/node": {
      "version": "20.5.9",
      "resolved": "https://registry.npmjs.org/@types/node/-/node-20.5.9.tgz",
      "integrity": "sha512-PcGNd//40kHAS3sTlzKB9C9XL4K0sTup8nbG5lC14kzEteTNuAFh9u5nA0o5TWnSG2r/JNPRXFVcHJIIeRlmqQ=="
    },
    "node_modules/@types/node-forge": {
      "version": "1.3.4",
      "resolved": "https://registry.npmjs.org/@types/node-forge/-/node-forge-1.3.4.tgz",
      "integrity": "sha512-08scBQriFsBbm/CuBWOXRMD1RG7ydFW01EDR6vGX27nxcj6E/jGSCOLdICNd8ETwQlLFXVBVA854RX6Y7vPSrQ==",
      "dependencies": {
        "@types/node": "*"
      }
    },
    "node_modules/node-forge": {
      "version": "1.3.1",
      "resolved": "https://registry.npmjs.org/node-forge/-/node-forge-1.3.1.tgz",
      "integrity": "sha512-dPEtOeMvF9VMcYV/1Wb8CPoVAXtp6MKMlcbAt4ddqmGqUJ6fQZFXkNZNkNlfevtNkGtaSoXf/vNNNSvgrdXwtA==",
      "engines": {
        "node": ">= 6.13.0"
      }
    }
  }
}
